
Microsoft Visual Studio Solution File, Format Version 11.00
# Visual Studio 2010
Project("{FAE04EC0-301F-11D3-BF4B-00C04F79EFBC}") = "Vancl.TMS.Core", "Vancl.TMS.Core\Vancl.TMS.Core.csproj", "{8C7CAD7F-BF41-4A20-AC70-07FB0E2E8F53}"
EndProject
Project("{FAE04EC0-301F-11D3-BF4B-00C04F79EFBC}") = "Vancl.TMS.Web.WebControls", "Vancl.TMS.Web.WebControls\Vancl.TMS.Web.WebControls.csproj", "{349F6187-13FD-4652-B895-2531239B17FC}"
EndProject
Project("{FAE04EC0-301F-11D3-BF4B-00C04F79EFBC}") = "Vancl.TMS.Util", "Vancl.TMS.Util\Vancl.TMS.Util.csproj", "{CEBC0D91-9079-4372-AB6A-64A9485019FD}"
EndProject
Project("{FAE04EC0-301F-11D3-BF4B-00C04F79EFBC}") = "Vancl.TMS.WcfService", "Vancl.TMS.WcfService\Vancl.TMS.WcfService.csproj", "{CD117B5D-5958-4C74-9496-1B588772047E}"
EndProject
Project("{2150E333-8FDC-42A3-9474-1A3956D46DE8}") = "Test", "Test", "{4707ED94-E63E-4D89-B9E0-5109EB7EEECB}"
EndProject
Project("{FAE04EC0-301F-11D3-BF4B-00C04F79EFBC}") = "WebTestApp", "WebTestApp\WebTestApp.csproj", "{7C50D22A-8CA7-49F1-BBC3-F8FD13F05639}"
EndProject
Project("{FAE04EC0-301F-11D3-BF4B-00C04F79EFBC}") = "ConsoleAppTest", "ConsoleAppTest\ConsoleAppTest.csproj", "{A0569E17-3241-4DD2-ABE5-D873EECB1FA8}"
EndProject
Project("{FAE04EC0-301F-11D3-BF4B-00C04F79EFBC}") = "Vancl.TMS.BLL", "Vancl.TMS.BLL\Vancl.TMS.BLL.csproj", "{CD008682-46E5-4D34-9725-4DDEC49C27D4}"
EndProject
Project("{2150E333-8FDC-42A3-9474-1A3956D46DE8}") = "Service", "Service", "{CF8F523A-0ADB-49F5-8B81-316463DF479D}"
EndProject
Project("{2150E333-8FDC-42A3-9474-1A3956D46DE8}") = "Core", "Core", "{EE4E3BEF-88EA-440E-B2A4-F3420A0051B4}"
EndProject
Project("{2150E333-8FDC-42A3-9474-1A3956D46DE8}") = "Controls", "Controls", "{B6A1BDEF-5176-46B7-9B09-BB22CFE781A6}"
EndProject
Project("{2150E333-8FDC-42A3-9474-1A3956D46DE8}") = "Common", "Common", "{A2DB94D2-C30D-4441-B801-CF691C73449C}"
EndProject
Project("{2150E333-8FDC-42A3-9474-1A3956D46DE8}") = "UI", "UI", "{AB5FB0FB-4D64-4215-AA68-0E1AB66FF830}"
EndProject
Project("{FAE04EC0-301F-11D3-BF4B-00C04F79EFBC}") = "Vancl.TMS.Model", "Vancl.TMS.Model\Vancl.TMS.Model.csproj", "{2EC92CCF-4212-4CA0-98C8-590382689660}"
EndProject
Project("{FAE04EC0-301F-11D3-BF4B-00C04F79EFBC}") = "Vancl.TMS.IDAL", "Vancl.TMS.IDAL\Vancl.TMS.IDAL.csproj", "{93C59B44-182B-4AED-9F29-B3E144B56944}"
EndProject
Project("{FAE04EC0-301F-11D3-BF4B-00C04F79EFBC}") = "Vancl.TMS.IBLL", "Vancl.TMS.IBLL\Vancl.TMS.IBLL.csproj", "{D69B4050-2F39-4B7F-A9A0-8F8BA8A66103}"
EndProject
Project("{FAE04EC0-301F-11D3-BF4B-00C04F79EFBC}") = "Vancl.TMS.DAL.Oracle", "Vancl.TMS.DAL.Oracle\Vancl.TMS.DAL.Oracle.csproj", "{44011467-DBF0-426F-B507-FC2D227AA211}"
EndProject
Project("{2150E333-8FDC-42A3-9474-1A3956D46DE8}") = "Tools", "Tools", "{14FCF1F7-B783-4072-BB97-6104F88E5AFB}"
EndProject
Project("{2150E333-8FDC-42A3-9474-1A3956D46DE8}") = "VCMRecords", "VCMRecords", "{A0AC90F3-0244-4709-BF4D-556DC9204F40}"
EndProject
Project("{FAE04EC0-301F-11D3-BF4B-00C04F79EFBC}") = "Vancl.TMS.Tools.VCMRecords.BLL", "Vancl.TMS.Tools\VCMRecords\BLL\Vancl.TMS.Tools.VCMRecords.BLL.csproj", "{CAA6CD04-8D4F-444A-A684-E0FD4EDEF870}"
EndProject
Project("{FAE04EC0-301F-11D3-BF4B-00C04F79EFBC}") = "Vancl.TMS.Tools.VCMRecords.DAL", "Vancl.TMS.Tools\VCMRecords\DAL\Vancl.TMS.Tools.VCMRecords.DAL.csproj", "{7380111A-2076-4CC0-BE4A-13ACB5566EDE}"
EndProject
Project("{FAE04EC0-301F-11D3-BF4B-00C04F79EFBC}") = "Vancl.TMS.Tools.VCMRecords.Entity", "Vancl.TMS.Tools\VCMRecords\Entity\Vancl.TMS.Tools.VCMRecords.Entity.csproj", "{453DEA22-639A-443B-99FF-730231A11F75}"
EndProject
Project("{FAE04EC0-301F-11D3-BF4B-00C04F79EFBC}") = "Vancl.TMS.Tools.VCMRecords.UserControls", "Vancl.TMS.Tools\VCMRecords\UserControls\Vancl.TMS.Tools.VCMRecords.UserControls.csproj", "{AB17E403-0910-4C22-8713-40929B5891F9}"
EndProject
Project("{FAE04EC0-301F-11D3-BF4B-00C04F79EFBC}") = "Vancl.TMS.Tools.VCMRecords.Tool", "Vancl.TMS.Tools\VCMRecords\Tool\Vancl.TMS.Tools.VCMRecords.Tool.csproj", "{C1E8DA47-83DB-49F7-97CE-46EF750EF9D3}"
EndProject
Project("{FAE04EC0-301F-11D3-BF4B-00C04F79EFBC}") = "Vancl.TMS.Tools.VCMRecords.MainForm", "Vancl.TMS.Tools\VCMRecords\VCMRecords\Vancl.TMS.Tools.VCMRecords.MainForm.csproj", "{1DA345B3-8CC3-4666-8915-8A0DD99EA0AC}"
EndProject
Project("{FAE04EC0-301F-11D3-BF4B-00C04F79EFBC}") = "Vancl.TMS.Web", "Vancl.TMS.Web\Vancl.TMS.Web.csproj", "{4A03194A-0227-4863-BF5F-A2DA92BB919A}"
EndProject
Project("{FAE04EC0-301F-11D3-BF4B-00C04F79EFBC}") = "Vancl.TMS.Web.Tests", "Vancl.TMS.Web.Tests\Vancl.TMS.Web.Tests.csproj", "{490808C0-BC01-4E7A-828A-30131676B9F9}"
EndProject
Project("{FAE04EC0-301F-11D3-BF4B-00C04F79EFBC}") = "InfoService", "InfoService\InfoService.csproj", "{75F765CE-F36A-45DB-9205-C13129B20BF0}"
EndProject
Project("{FAE04EC0-301F-11D3-BF4B-00C04F79EFBC}") = "InfoClient", "InfoClient\InfoClient.csproj", "{25B424E4-CD5E-473E-AD14-FFE4D0104AC6}"
EndProject
Project("{2150E333-8FDC-42A3-9474-1A3956D46DE8}") = "ConfigManager", "ConfigManager", "{35F00088-4739-4BBF-8592-B47736B4D286}"
EndProject
Project("{FAE04EC0-301F-11D3-BF4B-00C04F79EFBC}") = "Vancl.TMS.ConfigManagerTool", "Vancl.TMS.ConfigManagerTool\Vancl.TMS.ConfigManagerTool.csproj", "{776CD436-858D-4D77-9A71-44725A93390B}"
EndProject
Project("{FAE04EC0-301F-11D3-BF4B-00C04F79EFBC}") = "TMSUnitTestPrj", "TMSUnitTestPrj\TMSUnitTestPrj.csproj", "{BC815797-F8C0-4777-8EBE-562078C6C8B4}"
EndProject
Project("{2150E333-8FDC-42A3-9474-1A3956D46DE8}") = "Solution Items", "Solution Items", "{E01B7DA4-3760-496D-8318-BEFBD77DE950}"
	ProjectSection(SolutionItems) = preProject
		Local.testsettings = Local.testsettings
		TraceAndTestImpact.testsettings = TraceAndTestImpact.testsettings
		Vancl.TMS.vsmdi = Vancl.TMS.vsmdi
	EndProjectSection
EndProject
Project("{FAE04EC0-301F-11D3-BF4B-00C04F79EFBC}") = "Vancl.TMS.DAL.Sql2008", "Vancl.TMS.DAL.Sql2008\Vancl.TMS.DAL.Sql2008.csproj", "{5E541EA9-2187-4BA3-B236-660E22354A76}"
EndProject
Project("{2150E333-8FDC-42A3-9474-1A3956D46DE8}") = "DataRepair", "DataRepair", "{13B27111-2581-487F-8C01-C8EADD53C0C0}"
EndProject
Project("{FAE04EC0-301F-11D3-BF4B-00C04F79EFBC}") = "LineIDRepair", "LineIDRepair\LineIDRepair.csproj", "{A532FA83-8C7A-408D-8A1C-FAD116723611}"
EndProject
Project("{FAE04EC0-301F-11D3-BF4B-00C04F79EFBC}") = "CacheTestApp", "CacheTestApp\CacheTestApp.csproj", "{39AA20E7-504F-4AB1-8D23-B6AF7984C757}"
EndProject
Project("{FAE04EC0-301F-11D3-BF4B-00C04F79EFBC}") = "LB_PanlService", "LB_PanlService\LB_PanlService.csproj", "{F06D5BE6-4039-431D-B521-4A2C1671C3FE}"
EndProject
Global
	GlobalSection(SubversionScc) = preSolution
		Svn-Managed = True
		Manager = AnkhSVN - Subversion Support for Visual Studio
	EndGlobalSection
	GlobalSection(TestCaseManagementSettings) = postSolution
		CategoryFile = Vancl.TMS.vsmdi
	EndGlobalSection
	GlobalSection(SolutionConfigurationPlatforms) = preSolution
		Debug|Any CPU = Debug|Any CPU
		Debug|Mixed Platforms = Debug|Mixed Platforms
		Debug|x86 = Debug|x86
		Release|Any CPU = Release|Any CPU
		Release|Mixed Platforms = Release|Mixed Platforms
		Release|x86 = Release|x86
	EndGlobalSection
	GlobalSection(ProjectConfigurationPlatforms) = postSolution
		{8C7CAD7F-BF41-4A20-AC70-07FB0E2E8F53}.Debug|Any CPU.ActiveCfg = Debug|Any CPU
		{8C7CAD7F-BF41-4A20-AC70-07FB0E2E8F53}.Debug|Any CPU.Build.0 = Debug|Any CPU
		{8C7CAD7F-BF41-4A20-AC70-07FB0E2E8F53}.Debug|Mixed Platforms.ActiveCfg = Debug|Any CPU
		{8C7CAD7F-BF41-4A20-AC70-07FB0E2E8F53}.Debug|Mixed Platforms.Build.0 = Debug|Any CPU
		{8C7CAD7F-BF41-4A20-AC70-07FB0E2E8F53}.Debug|x86.ActiveCfg = Debug|Any CPU
		{8C7CAD7F-BF41-4A20-AC70-07FB0E2E8F53}.Release|Any CPU.ActiveCfg = Release|Any CPU
		{8C7CAD7F-BF41-4A20-AC70-07FB0E2E8F53}.Release|Any CPU.Build.0 = Release|Any CPU
		{8C7CAD7F-BF41-4A20-AC70-07FB0E2E8F53}.Release|Mixed Platforms.ActiveCfg = Release|Any CPU
		{8C7CAD7F-BF41-4A20-AC70-07FB0E2E8F53}.Release|Mixed Platforms.Build.0 = Release|Any CPU
		{8C7CAD7F-BF41-4A20-AC70-07FB0E2E8F53}.Release|x86.ActiveCfg = Release|Any CPU
		{349F6187-13FD-4652-B895-2531239B17FC}.Debug|Any CPU.ActiveCfg = Debug|Any CPU
		{349F6187-13FD-4652-B895-2531239B17FC}.Debug|Any CPU.Build.0 = Debug|Any CPU
		{349F6187-13FD-4652-B895-2531239B17FC}.Debug|Mixed Platforms.ActiveCfg = Debug|Any CPU
		{349F6187-13FD-4652-B895-2531239B17FC}.Debug|Mixed Platforms.Build.0 = Debug|Any CPU
		{349F6187-13FD-4652-B895-2531239B17FC}.Debug|x86.ActiveCfg = Debug|Any CPU
		{349F6187-13FD-4652-B895-2531239B17FC}.Release|Any CPU.ActiveCfg = Release|Any CPU
		{349F6187-13FD-4652-B895-2531239B17FC}.Release|Any CPU.Build.0 = Release|Any CPU
		{349F6187-13FD-4652-B895-2531239B17FC}.Release|Mixed Platforms.ActiveCfg = Release|Any CPU
		{349F6187-13FD-4652-B895-2531239B17FC}.Release|Mixed Platforms.Build.0 = Release|Any CPU
		{349F6187-13FD-4652-B895-2531239B17FC}.Release|x86.ActiveCfg = Release|Any CPU
		{CEBC0D91-9079-4372-AB6A-64A9485019FD}.Debug|Any CPU.ActiveCfg = Debug|Any CPU
		{CEBC0D91-9079-4372-AB6A-64A9485019FD}.Debug|Any CPU.Build.0 = Debug|Any CPU
		{CEBC0D91-9079-4372-AB6A-64A9485019FD}.Debug|Mixed Platforms.ActiveCfg = Debug|Any CPU
		{CEBC0D91-9079-4372-AB6A-64A9485019FD}.Debug|Mixed Platforms.Build.0 = Debug|Any CPU
		{CEBC0D91-9079-4372-AB6A-64A9485019FD}.Debug|x86.ActiveCfg = Debug|Any CPU
		{CEBC0D91-9079-4372-AB6A-64A9485019FD}.Release|Any CPU.ActiveCfg = Release|Any CPU
		{CEBC0D91-9079-4372-AB6A-64A9485019FD}.Release|Any CPU.Build.0 = Release|Any CPU
		{CEBC0D91-9079-4372-AB6A-64A9485019FD}.Release|Mixed Platforms.ActiveCfg = Release|Any CPU
		{CEBC0D91-9079-4372-AB6A-64A9485019FD}.Release|Mixed Platforms.Build.0 = Release|Any CPU
		{CEBC0D91-9079-4372-AB6A-64A9485019FD}.Release|x86.ActiveCfg = Release|Any CPU
		{CD117B5D-5958-4C74-9496-1B588772047E}.Debug|Any CPU.ActiveCfg = Debug|Any CPU
		{CD117B5D-5958-4C74-9496-1B588772047E}.Debug|Any CPU.Build.0 = Debug|Any CPU
		{CD117B5D-5958-4C74-9496-1B588772047E}.Debug|Mixed Platforms.ActiveCfg = Debug|Any CPU
		{CD117B5D-5958-4C74-9496-1B588772047E}.Debug|Mixed Platforms.Build.0 = Debug|Any CPU
		{CD117B5D-5958-4C74-9496-1B588772047E}.Debug|x86.ActiveCfg = Debug|Any CPU
		{CD117B5D-5958-4C74-9496-1B588772047E}.Release|Any CPU.ActiveCfg = Release|Any CPU
		{CD117B5D-5958-4C74-9496-1B588772047E}.Release|Any CPU.Build.0 = Release|Any CPU
		{CD117B5D-5958-4C74-9496-1B588772047E}.Release|Mixed Platforms.ActiveCfg = Release|Any CPU
		{CD117B5D-5958-4C74-9496-1B588772047E}.Release|Mixed Platforms.Build.0 = Release|Any CPU
		{CD117B5D-5958-4C74-9496-1B588772047E}.Release|x86.ActiveCfg = Release|Any CPU
		{7C50D22A-8CA7-49F1-BBC3-F8FD13F05639}.Debug|Any CPU.ActiveCfg = Debug|Any CPU
		{7C50D22A-8CA7-49F1-BBC3-F8FD13F05639}.Debug|Any CPU.Build.0 = Debug|Any CPU
		{7C50D22A-8CA7-49F1-BBC3-F8FD13F05639}.Debug|Mixed Platforms.ActiveCfg = Debug|Any CPU
		{7C50D22A-8CA7-49F1-BBC3-F8FD13F05639}.Debug|Mixed Platforms.Build.0 = Debug|Any CPU
		{7C50D22A-8CA7-49F1-BBC3-F8FD13F05639}.Debug|x86.ActiveCfg = Debug|Any CPU
		{7C50D22A-8CA7-49F1-BBC3-F8FD13F05639}.Release|Any CPU.ActiveCfg = Release|Any CPU
		{7C50D22A-8CA7-49F1-BBC3-F8FD13F05639}.Release|Any CPU.Build.0 = Release|Any CPU
		{7C50D22A-8CA7-49F1-BBC3-F8FD13F05639}.Release|Mixed Platforms.ActiveCfg = Release|Any CPU
		{7C50D22A-8CA7-49F1-BBC3-F8FD13F05639}.Release|Mixed Platforms.Build.0 = Release|Any CPU
		{7C50D22A-8CA7-49F1-BBC3-F8FD13F05639}.Release|x86.ActiveCfg = Release|Any CPU
		{A0569E17-3241-4DD2-ABE5-D873EECB1FA8}.Debug|Any CPU.ActiveCfg = Debug|x86
		{A0569E17-3241-4DD2-ABE5-D873EECB1FA8}.Debug|Mixed Platforms.ActiveCfg = Debug|x86
		{A0569E17-3241-4DD2-ABE5-D873EECB1FA8}.Debug|Mixed Platforms.Build.0 = Debug|x86
		{A0569E17-3241-4DD2-ABE5-D873EECB1FA8}.Debug|x86.ActiveCfg = Debug|x86
		{A0569E17-3241-4DD2-ABE5-D873EECB1FA8}.Debug|x86.Build.0 = Debug|x86
		{A0569E17-3241-4DD2-ABE5-D873EECB1FA8}.Release|Any CPU.ActiveCfg = Release|x86
		{A0569E17-3241-4DD2-ABE5-D873EECB1FA8}.Release|Mixed Platforms.ActiveCfg = Release|x86
		{A0569E17-3241-4DD2-ABE5-D873EECB1FA8}.Release|Mixed Platforms.Build.0 = Release|x86
		{A0569E17-3241-4DD2-ABE5-D873EECB1FA8}.Release|x86.ActiveCfg = Release|x86
		{A0569E17-3241-4DD2-ABE5-D873EECB1FA8}.Release|x86.Build.0 = Release|x86
		{CD008682-46E5-4D34-9725-4DDEC49C27D4}.Debug|Any CPU.ActiveCfg = Debug|Any CPU
		{CD008682-46E5-4D34-9725-4DDEC49C27D4}.Debug|Any CPU.Build.0 = Debug|Any CPU
		{CD008682-46E5-4D34-9725-4DDEC49C27D4}.Debug|Mixed Platforms.ActiveCfg = Debug|Any CPU
		{CD008682-46E5-4D34-9725-4DDEC49C27D4}.Debug|Mixed Platforms.Build.0 = Debug|Any CPU
		{CD008682-46E5-4D34-9725-4DDEC49C27D4}.Debug|x86.ActiveCfg = Debug|Any CPU
		{CD008682-46E5-4D34-9725-4DDEC49C27D4}.Release|Any CPU.ActiveCfg = Release|Any CPU
		{CD008682-46E5-4D34-9725-4DDEC49C27D4}.Release|Any CPU.Build.0 = Release|Any CPU
		{CD008682-46E5-4D34-9725-4DDEC49C27D4}.Release|Mixed Platforms.ActiveCfg = Release|Any CPU
		{CD008682-46E5-4D34-9725-4DDEC49C27D4}.Release|Mixed Platforms.Build.0 = Release|Any CPU
		{CD008682-46E5-4D34-9725-4DDEC49C27D4}.Release|x86.ActiveCfg = Release|Any CPU
		{2EC92CCF-4212-4CA0-98C8-590382689660}.Debug|Any CPU.ActiveCfg = Debug|Any CPU
		{2EC92CCF-4212-4CA0-98C8-590382689660}.Debug|Any CPU.Build.0 = Debug|Any CPU
		{2EC92CCF-4212-4CA0-98C8-590382689660}.Debug|Mixed Platforms.ActiveCfg = Debug|Any CPU
		{2EC92CCF-4212-4CA0-98C8-590382689660}.Debug|Mixed Platforms.Build.0 = Debug|Any CPU
		{2EC92CCF-4212-4CA0-98C8-590382689660}.Debug|x86.ActiveCfg = Debug|Any CPU
		{2EC92CCF-4212-4CA0-98C8-590382689660}.Release|Any CPU.ActiveCfg = Release|Any CPU
		{2EC92CCF-4212-4CA0-98C8-590382689660}.Release|Any CPU.Build.0 = Release|Any CPU
		{2EC92CCF-4212-4CA0-98C8-590382689660}.Release|Mixed Platforms.ActiveCfg = Release|Any CPU
		{2EC92CCF-4212-4CA0-98C8-590382689660}.Release|Mixed Platforms.Build.0 = Release|Any CPU
		{2EC92CCF-4212-4CA0-98C8-590382689660}.Release|x86.ActiveCfg = Release|Any CPU
		{93C59B44-182B-4AED-9F29-B3E144B56944}.Debug|Any CPU.ActiveCfg = Debug|Any CPU
		{93C59B44-182B-4AED-9F29-B3E144B56944}.Debug|Any CPU.Build.0 = Debug|Any CPU
		{93C59B44-182B-4AED-9F29-B3E144B56944}.Debug|Mixed Platforms.ActiveCfg = Debug|Any CPU
		{93C59B44-182B-4AED-9F29-B3E144B56944}.Debug|Mixed Platforms.Build.0 = Debug|Any CPU
		{93C59B44-182B-4AED-9F29-B3E144B56944}.Debug|x86.ActiveCfg = Debug|Any CPU
		{93C59B44-182B-4AED-9F29-B3E144B56944}.Release|Any CPU.ActiveCfg = Release|Any CPU
		{93C59B44-182B-4AED-9F29-B3E144B56944}.Release|Any CPU.Build.0 = Release|Any CPU
		{93C59B44-182B-4AED-9F29-B3E144B56944}.Release|Mixed Platforms.ActiveCfg = Release|Any CPU
		{93C59B44-182B-4AED-9F29-B3E144B56944}.Release|Mixed Platforms.Build.0 = Release|Any CPU
		{93C59B44-182B-4AED-9F29-B3E144B56944}.Release|x86.ActiveCfg = Release|Any CPU
		{D69B4050-2F39-4B7F-A9A0-8F8BA8A66103}.Debug|Any CPU.ActiveCfg = Debug|Any CPU
		{D69B4050-2F39-4B7F-A9A0-8F8BA8A66103}.Debug|Any CPU.Build.0 = Debug|Any CPU
		{D69B4050-2F39-4B7F-A9A0-8F8BA8A66103}.Debug|Mixed Platforms.ActiveCfg = Debug|Any CPU
		{D69B4050-2F39-4B7F-A9A0-8F8BA8A66103}.Debug|Mixed Platforms.Build.0 = Debug|Any CPU
		{D69B4050-2F39-4B7F-A9A0-8F8BA8A66103}.Debug|x86.ActiveCfg = Debug|Any CPU
		{D69B4050-2F39-4B7F-A9A0-8F8BA8A66103}.Release|Any CPU.ActiveCfg = Release|Any CPU
		{D69B4050-2F39-4B7F-A9A0-8F8BA8A66103}.Release|Any CPU.Build.0 = Release|Any CPU
		{D69B4050-2F39-4B7F-A9A0-8F8BA8A66103}.Release|Mixed Platforms.ActiveCfg = Release|Any CPU
		{D69B4050-2F39-4B7F-A9A0-8F8BA8A66103}.Release|Mixed Platforms.Build.0 = Release|Any CPU
		{D69B4050-2F39-4B7F-A9A0-8F8BA8A66103}.Release|x86.ActiveCfg = Release|Any CPU
		{44011467-DBF0-426F-B507-FC2D227AA211}.Debug|Any CPU.ActiveCfg = Debug|Any CPU
		{44011467-DBF0-426F-B507-FC2D227AA211}.Debug|Any CPU.Build.0 = Debug|Any CPU
		{44011467-DBF0-426F-B507-FC2D227AA211}.Debug|Mixed Platforms.ActiveCfg = Debug|Any CPU
		{44011467-DBF0-426F-B507-FC2D227AA211}.Debug|Mixed Platforms.Build.0 = Debug|Any CPU
		{44011467-DBF0-426F-B507-FC2D227AA211}.Debug|x86.ActiveCfg = Debug|Any CPU
		{44011467-DBF0-426F-B507-FC2D227AA211}.Release|Any CPU.ActiveCfg = Release|Any CPU
		{44011467-DBF0-426F-B507-FC2D227AA211}.Release|Any CPU.Build.0 = Release|Any CPU
		{44011467-DBF0-426F-B507-FC2D227AA211}.Release|Mixed Platforms.ActiveCfg = Release|Any CPU
		{44011467-DBF0-426F-B507-FC2D227AA211}.Release|Mixed Platforms.Build.0 = Release|Any CPU
		{44011467-DBF0-426F-B507-FC2D227AA211}.Release|x86.ActiveCfg = Release|Any CPU
		{CAA6CD04-8D4F-444A-A684-E0FD4EDEF870}.Debug|Any CPU.ActiveCfg = Debug|Any CPU
		{CAA6CD04-8D4F-444A-A684-E0FD4EDEF870}.Debug|Any CPU.Build.0 = Debug|Any CPU
		{CAA6CD04-8D4F-444A-A684-E0FD4EDEF870}.Debug|Mixed Platforms.ActiveCfg = Debug|Any CPU
		{CAA6CD04-8D4F-444A-A684-E0FD4EDEF870}.Debug|Mixed Platforms.Build.0 = Debug|Any CPU
		{CAA6CD04-8D4F-444A-A684-E0FD4EDEF870}.Debug|x86.ActiveCfg = Debug|Any CPU
		{CAA6CD04-8D4F-444A-A684-E0FD4EDEF870}.Release|Any CPU.ActiveCfg = Release|Any CPU
		{CAA6CD04-8D4F-444A-A684-E0FD4EDEF870}.Release|Any CPU.Build.0 = Release|Any CPU
		{CAA6CD04-8D4F-444A-A684-E0FD4EDEF870}.Release|Mixed Platforms.ActiveCfg = Release|Any CPU
		{CAA6CD04-8D4F-444A-A684-E0FD4EDEF870}.Release|Mixed Platforms.Build.0 = Release|Any CPU
		{CAA6CD04-8D4F-444A-A684-E0FD4EDEF870}.Release|x86.ActiveCfg = Release|Any CPU
		{7380111A-2076-4CC0-BE4A-13ACB5566EDE}.Debug|Any CPU.ActiveCfg = Debug|Any CPU
		{7380111A-2076-4CC0-BE4A-13ACB5566EDE}.Debug|Any CPU.Build.0 = Debug|Any CPU
		{7380111A-2076-4CC0-BE4A-13ACB5566EDE}.Debug|Mixed Platforms.ActiveCfg = Debug|Any CPU
		{7380111A-2076-4CC0-BE4A-13ACB5566EDE}.Debug|Mixed Platforms.Build.0 = Debug|Any CPU
		{7380111A-2076-4CC0-BE4A-13ACB5566EDE}.Debug|x86.ActiveCfg = Debug|Any CPU
		{7380111A-2076-4CC0-BE4A-13ACB5566EDE}.Release|Any CPU.ActiveCfg = Release|Any CPU
		{7380111A-2076-4CC0-BE4A-13ACB5566EDE}.Release|Any CPU.Build.0 = Release|Any CPU
		{7380111A-2076-4CC0-BE4A-13ACB5566EDE}.Release|Mixed Platforms.ActiveCfg = Release|Any CPU
		{7380111A-2076-4CC0-BE4A-13ACB5566EDE}.Release|Mixed Platforms.Build.0 = Release|Any CPU
		{7380111A-2076-4CC0-BE4A-13ACB5566EDE}.Release|x86.ActiveCfg = Release|Any CPU
		{453DEA22-639A-443B-99FF-730231A11F75}.Debug|Any CPU.ActiveCfg = Debug|Any CPU
		{453DEA22-639A-443B-99FF-730231A11F75}.Debug|Any CPU.Build.0 = Debug|Any CPU
		{453DEA22-639A-443B-99FF-730231A11F75}.Debug|Mixed Platforms.ActiveCfg = Debug|Any CPU
		{453DEA22-639A-443B-99FF-730231A11F75}.Debug|Mixed Platforms.Build.0 = Debug|Any CPU
		{453DEA22-639A-443B-99FF-730231A11F75}.Debug|x86.ActiveCfg = Debug|Any CPU
		{453DEA22-639A-443B-99FF-730231A11F75}.Release|Any CPU.ActiveCfg = Release|Any CPU
		{453DEA22-639A-443B-99FF-730231A11F75}.Release|Any CPU.Build.0 = Release|Any CPU
		{453DEA22-639A-443B-99FF-730231A11F75}.Release|Mixed Platforms.ActiveCfg = Release|Any CPU
		{453DEA22-639A-443B-99FF-730231A11F75}.Release|Mixed Platforms.Build.0 = Release|Any CPU
		{453DEA22-639A-443B-99FF-730231A11F75}.Release|x86.ActiveCfg = Release|Any CPU
		{AB17E403-0910-4C22-8713-40929B5891F9}.Debug|Any CPU.ActiveCfg = Debug|Any CPU
		{AB17E403-0910-4C22-8713-40929B5891F9}.Debug|Any CPU.Build.0 = Debug|Any CPU
		{AB17E403-0910-4C22-8713-40929B5891F9}.Debug|Mixed Platforms.ActiveCfg = Debug|Any CPU
		{AB17E403-0910-4C22-8713-40929B5891F9}.Debug|Mixed Platforms.Build.0 = Debug|Any CPU
		{AB17E403-0910-4C22-8713-40929B5891F9}.Debug|x86.ActiveCfg = Debug|Any CPU
		{AB17E403-0910-4C22-8713-40929B5891F9}.Release|Any CPU.ActiveCfg = Release|Any CPU
		{AB17E403-0910-4C22-8713-40929B5891F9}.Release|Any CPU.Build.0 = Release|Any CPU
		{AB17E403-0910-4C22-8713-40929B5891F9}.Release|Mixed Platforms.ActiveCfg = Release|Any CPU
		{AB17E403-0910-4C22-8713-40929B5891F9}.Release|Mixed Platforms.Build.0 = Release|Any CPU
		{AB17E403-0910-4C22-8713-40929B5891F9}.Release|x86.ActiveCfg = Release|Any CPU
		{C1E8DA47-83DB-49F7-97CE-46EF750EF9D3}.Debug|Any CPU.ActiveCfg = Debug|Any CPU
		{C1E8DA47-83DB-49F7-97CE-46EF750EF9D3}.Debug|Any CPU.Build.0 = Debug|Any CPU
		{C1E8DA47-83DB-49F7-97CE-46EF750EF9D3}.Debug|Mixed Platforms.ActiveCfg = Debug|Any CPU
		{C1E8DA47-83DB-49F7-97CE-46EF750EF9D3}.Debug|Mixed Platforms.Build.0 = Debug|Any CPU
		{C1E8DA47-83DB-49F7-97CE-46EF750EF9D3}.Debug|x86.ActiveCfg = Debug|Any CPU
		{C1E8DA47-83DB-49F7-97CE-46EF750EF9D3}.Release|Any CPU.ActiveCfg = Release|Any CPU
		{C1E8DA47-83DB-49F7-97CE-46EF750EF9D3}.Release|Any CPU.Build.0 = Release|Any CPU
		{C1E8DA47-83DB-49F7-97CE-46EF750EF9D3}.Release|Mixed Platforms.ActiveCfg = Release|Any CPU
		{C1E8DA47-83DB-49F7-97CE-46EF750EF9D3}.Release|Mixed Platforms.Build.0 = Release|Any CPU
		{C1E8DA47-83DB-49F7-97CE-46EF750EF9D3}.Release|x86.ActiveCfg = Release|Any CPU
		{1DA345B3-8CC3-4666-8915-8A0DD99EA0AC}.Debug|Any CPU.ActiveCfg = Debug|x86
		{1DA345B3-8CC3-4666-8915-8A0DD99EA0AC}.Debug|Mixed Platforms.ActiveCfg = Debug|x86
		{1DA345B3-8CC3-4666-8915-8A0DD99EA0AC}.Debug|Mixed Platforms.Build.0 = Debug|x86
		{1DA345B3-8CC3-4666-8915-8A0DD99EA0AC}.Debug|x86.ActiveCfg = Debug|x86
		{1DA345B3-8CC3-4666-8915-8A0DD99EA0AC}.Debug|x86.Build.0 = Debug|x86
		{1DA345B3-8CC3-4666-8915-8A0DD99EA0AC}.Release|Any CPU.ActiveCfg = Release|x86
		{1DA345B3-8CC3-4666-8915-8A0DD99EA0AC}.Release|Mixed Platforms.ActiveCfg = Release|x86
		{1DA345B3-8CC3-4666-8915-8A0DD99EA0AC}.Release|Mixed Platforms.Build.0 = Release|x86
		{1DA345B3-8CC3-4666-8915-8A0DD99EA0AC}.Release|x86.ActiveCfg = Release|x86
		{1DA345B3-8CC3-4666-8915-8A0DD99EA0AC}.Release|x86.Build.0 = Release|x86
		{4A03194A-0227-4863-BF5F-A2DA92BB919A}.Debug|Any CPU.ActiveCfg = Debug|Any CPU
		{4A03194A-0227-4863-BF5F-A2DA92BB919A}.Debug|Any CPU.Build.0 = Debug|Any CPU
		{4A03194A-0227-4863-BF5F-A2DA92BB919A}.Debug|Mixed Platforms.ActiveCfg = Debug|Any CPU
		{4A03194A-0227-4863-BF5F-A2DA92BB919A}.Debug|Mixed Platforms.Build.0 = Debug|Any CPU
		{4A03194A-0227-4863-BF5F-A2DA92BB919A}.Debug|x86.ActiveCfg = Debug|Any CPU
		{4A03194A-0227-4863-BF5F-A2DA92BB919A}.Release|Any CPU.ActiveCfg = Release|Any CPU
		{4A03194A-0227-4863-BF5F-A2DA92BB919A}.Release|Any CPU.Build.0 = Release|Any CPU
		{4A03194A-0227-4863-BF5F-A2DA92BB919A}.Release|Mixed Platforms.ActiveCfg = Release|Any CPU
		{4A03194A-0227-4863-BF5F-A2DA92BB919A}.Release|Mixed Platforms.Build.0 = Release|Any CPU
		{4A03194A-0227-4863-BF5F-A2DA92BB919A}.Release|x86.ActiveCfg = Release|Any CPU
		{490808C0-BC01-4E7A-828A-30131676B9F9}.Debug|Any CPU.ActiveCfg = Debug|Any CPU
		{490808C0-BC01-4E7A-828A-30131676B9F9}.Debug|Any CPU.Build.0 = Debug|Any CPU
		{490808C0-BC01-4E7A-828A-30131676B9F9}.Debug|Mixed Platforms.ActiveCfg = Debug|Any CPU
		{490808C0-BC01-4E7A-828A-30131676B9F9}.Debug|Mixed Platforms.Build.0 = Debug|Any CPU
		{490808C0-BC01-4E7A-828A-30131676B9F9}.Debug|x86.ActiveCfg = Debug|Any CPU
		{490808C0-BC01-4E7A-828A-30131676B9F9}.Release|Any CPU.ActiveCfg = Release|Any CPU
		{490808C0-BC01-4E7A-828A-30131676B9F9}.Release|Any CPU.Build.0 = Release|Any CPU
		{490808C0-BC01-4E7A-828A-30131676B9F9}.Release|Mixed Platforms.ActiveCfg = Release|Any CPU
		{490808C0-BC01-4E7A-828A-30131676B9F9}.Release|Mixed Platforms.Build.0 = Release|Any CPU
		{490808C0-BC01-4E7A-828A-30131676B9F9}.Release|x86.ActiveCfg = Release|Any CPU
		{75F765CE-F36A-45DB-9205-C13129B20BF0}.Debug|Any CPU.ActiveCfg = Debug|x86
		{75F765CE-F36A-45DB-9205-C13129B20BF0}.Debug|Mixed Platforms.ActiveCfg = Debug|x86
		{75F765CE-F36A-45DB-9205-C13129B20BF0}.Debug|Mixed Platforms.Build.0 = Debug|x86
		{75F765CE-F36A-45DB-9205-C13129B20BF0}.Debug|x86.ActiveCfg = Debug|x86
		{75F765CE-F36A-45DB-9205-C13129B20BF0}.Debug|x86.Build.0 = Debug|x86
		{75F765CE-F36A-45DB-9205-C13129B20BF0}.Release|Any CPU.ActiveCfg = Release|x86
		{75F765CE-F36A-45DB-9205-C13129B20BF0}.Release|Mixed Platforms.ActiveCfg = Release|x86
		{75F765CE-F36A-45DB-9205-C13129B20BF0}.Release|Mixed Platforms.Build.0 = Release|x86
		{75F765CE-F36A-45DB-9205-C13129B20BF0}.Release|x86.ActiveCfg = Release|x86
		{75F765CE-F36A-45DB-9205-C13129B20BF0}.Release|x86.Build.0 = Release|x86
		{25B424E4-CD5E-473E-AD14-FFE4D0104AC6}.Debug|Any CPU.ActiveCfg = Debug|x86
		{25B424E4-CD5E-473E-AD14-FFE4D0104AC6}.Debug|Mixed Platforms.ActiveCfg = Debug|x86
		{25B424E4-CD5E-473E-AD14-FFE4D0104AC6}.Debug|Mixed Platforms.Build.0 = Debug|x86
		{25B424E4-CD5E-473E-AD14-FFE4D0104AC6}.Debug|x86.ActiveCfg = Debug|x86
		{25B424E4-CD5E-473E-AD14-FFE4D0104AC6}.Debug|x86.Build.0 = Debug|x86
		{25B424E4-CD5E-473E-AD14-FFE4D0104AC6}.Release|Any CPU.ActiveCfg = Release|x86
		{25B424E4-CD5E-473E-AD14-FFE4D0104AC6}.Release|Mixed Platforms.ActiveCfg = Release|x86
		{25B424E4-CD5E-473E-AD14-FFE4D0104AC6}.Release|Mixed Platforms.Build.0 = Release|x86
		{25B424E4-CD5E-473E-AD14-FFE4D0104AC6}.Release|x86.ActiveCfg = Release|x86
		{25B424E4-CD5E-473E-AD14-FFE4D0104AC6}.Release|x86.Build.0 = Release|x86
		{776CD436-858D-4D77-9A71-44725A93390B}.Debug|Any CPU.ActiveCfg = Debug|x86
		{776CD436-858D-4D77-9A71-44725A93390B}.Debug|Mixed Platforms.ActiveCfg = Debug|x86
		{776CD436-858D-4D77-9A71-44725A93390B}.Debug|Mixed Platforms.Build.0 = Debug|x86
		{776CD436-858D-4D77-9A71-44725A93390B}.Debug|x86.ActiveCfg = Debug|x86
		{776CD436-858D-4D77-9A71-44725A93390B}.Debug|x86.Build.0 = Debug|x86
		{776CD436-858D-4D77-9A71-44725A93390B}.Release|Any CPU.ActiveCfg = Release|x86
		{776CD436-858D-4D77-9A71-44725A93390B}.Release|Mixed Platforms.ActiveCfg = Release|x86
		{776CD436-858D-4D77-9A71-44725A93390B}.Release|Mixed Platforms.Build.0 = Release|x86
		{776CD436-858D-4D77-9A71-44725A93390B}.Release|x86.ActiveCfg = Release|x86
		{776CD436-858D-4D77-9A71-44725A93390B}.Release|x86.Build.0 = Release|x86
		{BC815797-F8C0-4777-8EBE-562078C6C8B4}.Debug|Any CPU.ActiveCfg = Debug|Any CPU
		{BC815797-F8C0-4777-8EBE-562078C6C8B4}.Debug|Any CPU.Build.0 = Debug|Any CPU
		{BC815797-F8C0-4777-8EBE-562078C6C8B4}.Debug|Mixed Platforms.ActiveCfg = Debug|Any CPU
		{BC815797-F8C0-4777-8EBE-562078C6C8B4}.Debug|Mixed Platforms.Build.0 = Debug|Any CPU
		{BC815797-F8C0-4777-8EBE-562078C6C8B4}.Debug|x86.ActiveCfg = Debug|Any CPU
		{BC815797-F8C0-4777-8EBE-562078C6C8B4}.Release|Any CPU.ActiveCfg = Release|Any CPU
		{BC815797-F8C0-4777-8EBE-562078C6C8B4}.Release|Any CPU.Build.0 = Release|Any CPU
		{BC815797-F8C0-4777-8EBE-562078C6C8B4}.Release|Mixed Platforms.ActiveCfg = Release|Any CPU
		{BC815797-F8C0-4777-8EBE-562078C6C8B4}.Release|Mixed Platforms.Build.0 = Release|Any CPU
		{BC815797-F8C0-4777-8EBE-562078C6C8B4}.Release|x86.ActiveCfg = Release|Any CPU
		{5E541EA9-2187-4BA3-B236-660E22354A76}.Debug|Any CPU.ActiveCfg = Debug|Any CPU
		{5E541EA9-2187-4BA3-B236-660E22354A76}.Debug|Any CPU.Build.0 = Debug|Any CPU
		{5E541EA9-2187-4BA3-B236-660E22354A76}.Debug|Mixed Platforms.ActiveCfg = Debug|Any CPU
		{5E541EA9-2187-4BA3-B236-660E22354A76}.Debug|Mixed Platforms.Build.0 = Debug|Any CPU
		{5E541EA9-2187-4BA3-B236-660E22354A76}.Debug|x86.ActiveCfg = Debug|Any CPU
		{5E541EA9-2187-4BA3-B236-660E22354A76}.Release|Any CPU.ActiveCfg = Release|Any CPU
		{5E541EA9-2187-4BA3-B236-660E22354A76}.Release|Any CPU.Build.0 = Release|Any CPU
		{5E541EA9-2187-4BA3-B236-660E22354A76}.Release|Mixed Platforms.ActiveCfg = Release|Any CPU
		{5E541EA9-2187-4BA3-B236-660E22354A76}.Release|Mixed Platforms.Build.0 = Release|Any CPU
		{5E541EA9-2187-4BA3-B236-660E22354A76}.Release|x86.ActiveCfg = Release|Any CPU
		{A532FA83-8C7A-408D-8A1C-FAD116723611}.Debug|Any CPU.ActiveCfg = Debug|x86
		{A532FA83-8C7A-408D-8A1C-FAD116723611}.Debug|Mixed Platforms.ActiveCfg = Debug|x86
		{A532FA83-8C7A-408D-8A1C-FAD116723611}.Debug|Mixed Platforms.Build.0 = Debug|x86
		{A532FA83-8C7A-408D-8A1C-FAD116723611}.Debug|x86.ActiveCfg = Debug|x86
		{A532FA83-8C7A-408D-8A1C-FAD116723611}.Debug|x86.Build.0 = Debug|x86
		{A532FA83-8C7A-408D-8A1C-FAD116723611}.Release|Any CPU.ActiveCfg = Release|x86
		{A532FA83-8C7A-408D-8A1C-FAD116723611}.Release|Mixed Platforms.ActiveCfg = Release|x86
		{A532FA83-8C7A-408D-8A1C-FAD116723611}.Release|Mixed Platforms.Build.0 = Release|x86
		{A532FA83-8C7A-408D-8A1C-FAD116723611}.Release|x86.ActiveCfg = Release|x86
		{A532FA83-8C7A-408D-8A1C-FAD116723611}.Release|x86.Build.0 = Release|x86
		{39AA20E7-504F-4AB1-8D23-B6AF7984C757}.Debug|Any CPU.ActiveCfg = Debug|x86
		{39AA20E7-504F-4AB1-8D23-B6AF7984C757}.Debug|Mixed Platforms.ActiveCfg = Debug|x86
		{39AA20E7-504F-4AB1-8D23-B6AF7984C757}.Debug|Mixed Platforms.Build.0 = Debug|x86
		{39AA20E7-504F-4AB1-8D23-B6AF7984C757}.Debug|x86.ActiveCfg = Debug|x86
		{39AA20E7-504F-4AB1-8D23-B6AF7984C757}.Debug|x86.Build.0 = Debug|x86
		{39AA20E7-504F-4AB1-8D23-B6AF7984C757}.Release|Any CPU.ActiveCfg = Release|x86
		{39AA20E7-504F-4AB1-8D23-B6AF7984C757}.Release|Mixed Platforms.ActiveCfg = Release|x86
		{39AA20E7-504F-4AB1-8D23-B6AF7984C757}.Release|Mixed Platforms.Build.0 = Release|x86
		{39AA20E7-504F-4AB1-8D23-B6AF7984C757}.Release|x86.ActiveCfg = Release|x86
		{39AA20E7-504F-4AB1-8D23-B6AF7984C757}.Release|x86.Build.0 = Release|x86
		{F06D5BE6-4039-431D-B521-4A2C1671C3FE}.Debug|Any CPU.ActiveCfg = Debug|x86
		{F06D5BE6-4039-431D-B521-4A2C1671C3FE}.Debug|Mixed Platforms.ActiveCfg = Debug|x86
		{F06D5BE6-4039-431D-B521-4A2C1671C3FE}.Debug|Mixed Platforms.Build.0 = Debug|x86
		{F06D5BE6-4039-431D-B521-4A2C1671C3FE}.Debug|x86.ActiveCfg = Debug|x86
		{F06D5BE6-4039-431D-B521-4A2C1671C3FE}.Debug|x86.Build.0 = Debug|x86
		{F06D5BE6-4039-431D-B521-4A2C1671C3FE}.Release|Any CPU.ActiveCfg = Release|x86
		{F06D5BE6-4039-431D-B521-4A2C1671C3FE}.Release|Mixed Platforms.ActiveCfg = Release|x86
		{F06D5BE6-4039-431D-B521-4A2C1671C3FE}.Release|Mixed Platforms.Build.0 = Release|x86
		{F06D5BE6-4039-431D-B521-4A2C1671C3FE}.Release|x86.ActiveCfg = Release|x86
		{F06D5BE6-4039-431D-B521-4A2C1671C3FE}.Release|x86.Build.0 = Release|x86
	EndGlobalSection
	GlobalSection(SolutionProperties) = preSolution
		HideSolutionNode = FALSE
	EndGlobalSection
	GlobalSection(NestedProjects) = preSolution
		{CEBC0D91-9079-4372-AB6A-64A9485019FD} = {EE4E3BEF-88EA-440E-B2A4-F3420A0051B4}
		{8C7CAD7F-BF41-4A20-AC70-07FB0E2E8F53} = {EE4E3BEF-88EA-440E-B2A4-F3420A0051B4}
		{349F6187-13FD-4652-B895-2531239B17FC} = {B6A1BDEF-5176-46B7-9B09-BB22CFE781A6}
		{CD117B5D-5958-4C74-9496-1B588772047E} = {CF8F523A-0ADB-49F5-8B81-316463DF479D}
		{F06D5BE6-4039-431D-B521-4A2C1671C3FE} = {CF8F523A-0ADB-49F5-8B81-316463DF479D}
		{7C50D22A-8CA7-49F1-BBC3-F8FD13F05639} = {4707ED94-E63E-4D89-B9E0-5109EB7EEECB}
		{A0569E17-3241-4DD2-ABE5-D873EECB1FA8} = {4707ED94-E63E-4D89-B9E0-5109EB7EEECB}
		{490808C0-BC01-4E7A-828A-30131676B9F9} = {4707ED94-E63E-4D89-B9E0-5109EB7EEECB}
		{75F765CE-F36A-45DB-9205-C13129B20BF0} = {4707ED94-E63E-4D89-B9E0-5109EB7EEECB}
		{25B424E4-CD5E-473E-AD14-FFE4D0104AC6} = {4707ED94-E63E-4D89-B9E0-5109EB7EEECB}
		{BC815797-F8C0-4777-8EBE-562078C6C8B4} = {4707ED94-E63E-4D89-B9E0-5109EB7EEECB}
		{E01B7DA4-3760-496D-8318-BEFBD77DE950} = {4707ED94-E63E-4D89-B9E0-5109EB7EEECB}
		{39AA20E7-504F-4AB1-8D23-B6AF7984C757} = {4707ED94-E63E-4D89-B9E0-5109EB7EEECB}
		{CD008682-46E5-4D34-9725-4DDEC49C27D4} = {A2DB94D2-C30D-4441-B801-CF691C73449C}
		{2EC92CCF-4212-4CA0-98C8-590382689660} = {A2DB94D2-C30D-4441-B801-CF691C73449C}
		{93C59B44-182B-4AED-9F29-B3E144B56944} = {A2DB94D2-C30D-4441-B801-CF691C73449C}
		{D69B4050-2F39-4B7F-A9A0-8F8BA8A66103} = {A2DB94D2-C30D-4441-B801-CF691C73449C}
		{44011467-DBF0-426F-B507-FC2D227AA211} = {A2DB94D2-C30D-4441-B801-CF691C73449C}
		{5E541EA9-2187-4BA3-B236-660E22354A76} = {A2DB94D2-C30D-4441-B801-CF691C73449C}
		{4A03194A-0227-4863-BF5F-A2DA92BB919A} = {AB5FB0FB-4D64-4215-AA68-0E1AB66FF830}
		{A0AC90F3-0244-4709-BF4D-556DC9204F40} = {14FCF1F7-B783-4072-BB97-6104F88E5AFB}
		{35F00088-4739-4BBF-8592-B47736B4D286} = {14FCF1F7-B783-4072-BB97-6104F88E5AFB}
		{13B27111-2581-487F-8C01-C8EADD53C0C0} = {14FCF1F7-B783-4072-BB97-6104F88E5AFB}
		{CAA6CD04-8D4F-444A-A684-E0FD4EDEF870} = {A0AC90F3-0244-4709-BF4D-556DC9204F40}
		{7380111A-2076-4CC0-BE4A-13ACB5566EDE} = {A0AC90F3-0244-4709-BF4D-556DC9204F40}
		{453DEA22-639A-443B-99FF-730231A11F75} = {A0AC90F3-0244-4709-BF4D-556DC9204F40}
		{AB17E403-0910-4C22-8713-40929B5891F9} = {A0AC90F3-0244-4709-BF4D-556DC9204F40}
		{C1E8DA47-83DB-49F7-97CE-46EF750EF9D3} = {A0AC90F3-0244-4709-BF4D-556DC9204F40}
		{1DA345B3-8CC3-4666-8915-8A0DD99EA0AC} = {A0AC90F3-0244-4709-BF4D-556DC9204F40}
		{776CD436-858D-4D77-9A71-44725A93390B} = {35F00088-4739-4BBF-8592-B47736B4D286}
		{A532FA83-8C7A-408D-8A1C-FAD116723611} = {13B27111-2581-487F-8C01-C8EADD53C0C0}
	EndGlobalSection
	GlobalSection(ExtensibilityGlobals) = postSolution
		VisualSVNWorkingCopyRoot = .
	EndGlobalSection
EndGlobal
